
Microsoft Visual Studio Solution File, Format Version 12.00
# Visual Studio Version 17
VisualStudioVersion = 17.7.34221.43
MinimumVisualStudioVersion = 10.0.40219.1
Project("{9A19103F-16F7-4668-BE54-9A1E7A4F7556}") = "GG1RKK_HFT_2023241.Client", "GG1RKK_HFT_2023241.Client\GG1RKK_HFT_2023241.Client.csproj", "{9CB3AAA1-AC39-445C-BA0B-CF75A2E78A96}"
EndProject
Project("{9A19103F-16F7-4668-BE54-9A1E7A4F7556}") = "GG1RKK_HFT_202324.Models", "GG1RKK_HFT_202324.Models\GG1RKK_HFT_202324.Models.csproj", "{1BC67EB9-AFE6-451B-923F-5D3FFE55455C}"
EndProject
Project("{9A19103F-16F7-4668-BE54-9A1E7A4F7556}") = "GG1RKK_HFT_2023241.Logic", "GG1RKK_HFT_2023241.Logic\GG1RKK_HFT_2023241.Logic.csproj", "{B2269069-6B71-4BC0-AAA2-BFE533836A91}"
EndProject
Project("{9A19103F-16F7-4668-BE54-9A1E7A4F7556}") = "GG1RKK_HFT_2023241.Test", "GG1RKK_HFT_2023241.Test\GG1RKK_HFT_2023241.Test.csproj", "{3979FDA5-E08B-4E42-B284-C5983B736DFA}"
EndProject
Project("{9A19103F-16F7-4668-BE54-9A1E7A4F7556}") = "GG1RKK_HFT_2023241.Repository", "GG1RKK_HFT_2023241.Repository\GG1RKK_HFT_2023241.Repository.csproj", "{DAA85F2D-9C53-40EB-AD9E-24072EA3162A}"
EndProject
Project("{9A19103F-16F7-4668-BE54-9A1E7A4F7556}") = "GG1RKK_HFT_202324.Endpoint", "GG1RKK_HFT_202324.Endpoint\GG1RKK_HFT_202324.Endpoint.csproj", "{B27C01AE-78F9-4D38-AE41-44B842E70EF7}"
EndProject
Project("{2150E333-8FDC-42A3-9474-1A3956D46DE8}") = "Backend", "Backend", "{69047085-5B3B-4F61-A236-2433E5148FB4}"
EndProject
Project("{2150E333-8FDC-42A3-9474-1A3956D46DE8}") = "Frontend", "Frontend", "{DBE081E0-A13F-49F1-A1DB-A9D01AB95A50}"
EndProject
Project("{2150E333-8FDC-42A3-9474-1A3956D46DE8}") = "Shared", "Shared", "{42A13B20-938C-4158-94F8-B7F6B2DC0D06}"
EndProject
Project("{9A19103F-16F7-4668-BE54-9A1E7A4F7556}") = "GG1RKK_HFT_2023241.WpfClient", "GG1RKK_HFT_2023241.WpfClient\GG1RKK_HFT_2023241.WpfClient.csproj", "{C2E4CB7E-9CB7-4A5D-AB46-D47E69EE8C5F}"
EndProject
Project("{FAE04EC0-301F-11D3-BF4B-00C04F79EFBC}") = "GG1RKK_HFT_202324.JsClient", "GG1RKK_HFT_202324.JsClient\GG1RKK_HFT_202324.JsClient.csproj", "{4AC68200-9242-40C4-9B71-B5B89AFB3427}"
EndProject
Global
	GlobalSection(SolutionConfigurationPlatforms) = preSolution
		Debug|Any CPU = Debug|Any CPU
		Release|Any CPU = Release|Any CPU
	EndGlobalSection
	GlobalSection(ProjectConfigurationPlatforms) = postSolution
		{9CB3AAA1-AC39-445C-BA0B-CF75A2E78A96}.Debug|Any CPU.ActiveCfg = Debug|Any CPU
		{9CB3AAA1-AC39-445C-BA0B-CF75A2E78A96}.Debug|Any CPU.Build.0 = Debug|Any CPU
		{9CB3AAA1-AC39-445C-BA0B-CF75A2E78A96}.Release|Any CPU.ActiveCfg = Release|Any CPU
		{9CB3AAA1-AC39-445C-BA0B-CF75A2E78A96}.Release|Any CPU.Build.0 = Release|Any CPU
		{1BC67EB9-AFE6-451B-923F-5D3FFE55455C}.Debug|Any CPU.ActiveCfg = Debug|Any CPU
		{1BC67EB9-AFE6-451B-923F-5D3FFE55455C}.Debug|Any CPU.Build.0 = Debug|Any CPU
		{1BC67EB9-AFE6-451B-923F-5D3FFE55455C}.Release|Any CPU.ActiveCfg = Release|Any CPU
		{1BC67EB9-AFE6-451B-923F-5D3FFE55455C}.Release|Any CPU.Build.0 = Release|Any CPU
		{B2269069-6B71-4BC0-AAA2-BFE533836A91}.Debug|Any CPU.ActiveCfg = Debug|Any CPU
		{B2269069-6B71-4BC0-AAA2-BFE533836A91}.Debug|Any CPU.Build.0 = Debug|Any CPU
		{B2269069-6B71-4BC0-AAA2-BFE533836A91}.Release|Any CPU.ActiveCfg = Release|Any CPU
		{B2269069-6B71-4BC0-AAA2-BFE533836A91}.Release|Any CPU.Build.0 = Release|Any CPU
		{3979FDA5-E08B-4E42-B284-C5983B736DFA}.Debug|Any CPU.ActiveCfg = Debug|Any CPU
		{3979FDA5-E08B-4E42-B284-C5983B736DFA}.Debug|Any CPU.Build.0 = Debug|Any CPU
		{3979FDA5-E08B-4E42-B284-C5983B736DFA}.Release|Any CPU.ActiveCfg = Release|Any CPU
		{3979FDA5-E08B-4E42-B284-C5983B736DFA}.Release|Any CPU.Build.0 = Release|Any CPU
		{DAA85F2D-9C53-40EB-AD9E-24072EA3162A}.Debug|Any CPU.ActiveCfg = Debug|Any CPU
		{DAA85F2D-9C53-40EB-AD9E-24072EA3162A}.Debug|Any CPU.Build.0 = Debug|Any CPU
		{DAA85F2D-9C53-40EB-AD9E-24072EA3162A}.Release|Any CPU.ActiveCfg = Release|Any CPU
		{DAA85F2D-9C53-40EB-AD9E-24072EA3162A}.Release|Any CPU.Build.0 = Release|Any CPU
		{B27C01AE-78F9-4D38-AE41-44B842E70EF7}.Debug|Any CPU.ActiveCfg = Debug|Any CPU
		{B27C01AE-78F9-4D38-AE41-44B842E70EF7}.Debug|Any CPU.Build.0 = Debug|Any CPU
		{B27C01AE-78F9-4D38-AE41-44B842E70EF7}.Release|Any CPU.ActiveCfg = Release|Any CPU
		{B27C01AE-78F9-4D38-AE41-44B842E70EF7}.Release|Any CPU.Build.0 = Release|Any CPU
		{C2E4CB7E-9CB7-4A5D-AB46-D47E69EE8C5F}.Debug|Any CPU.ActiveCfg = Debug|Any CPU
		{C2E4CB7E-9CB7-4A5D-AB46-D47E69EE8C5F}.Debug|Any CPU.Build.0 = Debug|Any CPU
		{C2E4CB7E-9CB7-4A5D-AB46-D47E69EE8C5F}.Release|Any CPU.ActiveCfg = Release|Any CPU
		{C2E4CB7E-9CB7-4A5D-AB46-D47E69EE8C5F}.Release|Any CPU.Build.0 = Release|Any CPU
		{4AC68200-9242-40C4-9B71-B5B89AFB3427}.Debug|Any CPU.ActiveCfg = Debug|Any CPU
		{4AC68200-9242-40C4-9B71-B5B89AFB3427}.Debug|Any CPU.Build.0 = Debug|Any CPU
		{4AC68200-9242-40C4-9B71-B5B89AFB3427}.Release|Any CPU.ActiveCfg = Release|Any CPU
		{4AC68200-9242-40C4-9B71-B5B89AFB3427}.Release|Any CPU.Build.0 = Release|Any CPU
	EndGlobalSection
	GlobalSection(SolutionProperties) = preSolution
		HideSolutionNode = FALSE
	EndGlobalSection
	GlobalSection(NestedProjects) = preSolution
		{9CB3AAA1-AC39-445C-BA0B-CF75A2E78A96} = {DBE081E0-A13F-49F1-A1DB-A9D01AB95A50}
		{1BC67EB9-AFE6-451B-923F-5D3FFE55455C} = {42A13B20-938C-4158-94F8-B7F6B2DC0D06}
		{B2269069-6B71-4BC0-AAA2-BFE533836A91} = {69047085-5B3B-4F61-A236-2433E5148FB4}
		{3979FDA5-E08B-4E42-B284-C5983B736DFA} = {69047085-5B3B-4F61-A236-2433E5148FB4}
		{DAA85F2D-9C53-40EB-AD9E-24072EA3162A} = {69047085-5B3B-4F61-A236-2433E5148FB4}
		{B27C01AE-78F9-4D38-AE41-44B842E70EF7} = {69047085-5B3B-4F61-A236-2433E5148FB4}
		{C2E4CB7E-9CB7-4A5D-AB46-D47E69EE8C5F} = {DBE081E0-A13F-49F1-A1DB-A9D01AB95A50}
		{4AC68200-9242-40C4-9B71-B5B89AFB3427} = {DBE081E0-A13F-49F1-A1DB-A9D01AB95A50}
	EndGlobalSection
	GlobalSection(ExtensibilityGlobals) = postSolution
		SolutionGuid = {DD713A43-D035-4A53-90AA-B33CF67238AC}
	EndGlobalSection
EndGlobal
